
Microsoft Visual Studio Solution File, Format Version 12.00
# Visual Studio 15
VisualStudioVersion = 15.0.27004.2005
MinimumVisualStudioVersion = 10.0.40219.1
Project("{FAE04EC0-301F-11D3-BF4B-00C04F79EFBC}") = "NDEV.School.XamarinGame", "NDEV.School.XamarinGame\NDEV.School.XamarinGame\NDEV.School.XamarinGame.csproj", "{966FBC19-C826-407B-9030-BDE2210D7D91}"
EndProject
Project("{FAE04EC0-301F-11D3-BF4B-00C04F79EFBC}") = "NDEV.School.XamarinGame.Android", "NDEV.School.XamarinGame\NDEV.School.XamarinGame.Android\NDEV.School.XamarinGame.Android.csproj", "{0E8DC40B-58B0-4F74-B2AD-E3B2C32F9EE5}"
EndProject
Project("{FAE04EC0-301F-11D3-BF4B-00C04F79EFBC}") = "NDEV.School.XamarinGame.iOS", "NDEV.School.XamarinGame\NDEV.School.XamarinGame.iOS\NDEV.School.XamarinGame.iOS.csproj", "{B97B760D-96F1-446B-8316-2523F449494E}"
EndProject
Project("{FAE04EC0-301F-11D3-BF4B-00C04F79EFBC}") = "NDEV.School.XamarinGame.UWP", "NDEV.School.XamarinGame\NDEV.School.XamarinGame.UWP\NDEV.School.XamarinGame.UWP.csproj", "{845A28AC-B8BB-43A9-B03D-1B94FDA3A7C4}"
EndProject
Project("{FAE04EC0-301F-11D3-BF4B-00C04F79EFBC}") = "NDEV.Xamarin", "NDEV.Xamarin\NDEV.Xamarin.csproj", "{FB839E80-6031-4E91-8046-865AFAF75940}"
EndProject
Global
	GlobalSection(SolutionConfigurationPlatforms) = preSolution
		Debug|Any CPU = Debug|Any CPU
		Debug|ARM = Debug|ARM
		Debug|iPhone = Debug|iPhone
		Debug|iPhoneSimulator = Debug|iPhoneSimulator
		Debug|x64 = Debug|x64
		Debug|x86 = Debug|x86
		Release|Any CPU = Release|Any CPU
		Release|ARM = Release|ARM
		Release|iPhone = Release|iPhone
		Release|iPhoneSimulator = Release|iPhoneSimulator
		Release|x64 = Release|x64
		Release|x86 = Release|x86
	EndGlobalSection
	GlobalSection(ProjectConfigurationPlatforms) = postSolution
		{966FBC19-C826-407B-9030-BDE2210D7D91}.Debug|Any CPU.ActiveCfg = Debug|Any CPU
		{966FBC19-C826-407B-9030-BDE2210D7D91}.Debug|Any CPU.Build.0 = Debug|Any CPU
		{966FBC19-C826-407B-9030-BDE2210D7D91}.Debug|ARM.ActiveCfg = Debug|Any CPU
		{966FBC19-C826-407B-9030-BDE2210D7D91}.Debug|ARM.Build.0 = Debug|Any CPU
		{966FBC19-C826-407B-9030-BDE2210D7D91}.Debug|iPhone.ActiveCfg = Debug|Any CPU
		{966FBC19-C826-407B-9030-BDE2210D7D91}.Debug|iPhone.Build.0 = Debug|Any CPU
		{966FBC19-C826-407B-9030-BDE2210D7D91}.Debug|iPhoneSimulator.ActiveCfg = Debug|Any CPU
		{966FBC19-C826-407B-9030-BDE2210D7D91}.Debug|iPhoneSimulator.Build.0 = Debug|Any CPU
		{966FBC19-C826-407B-9030-BDE2210D7D91}.Debug|x64.ActiveCfg = Debug|Any CPU
		{966FBC19-C826-407B-9030-BDE2210D7D91}.Debug|x64.Build.0 = Debug|Any CPU
		{966FBC19-C826-407B-9030-BDE2210D7D91}.Debug|x86.ActiveCfg = Debug|Any CPU
		{966FBC19-C826-407B-9030-BDE2210D7D91}.Debug|x86.Build.0 = Debug|Any CPU
		{966FBC19-C826-407B-9030-BDE2210D7D91}.Release|Any CPU.ActiveCfg = Release|Any CPU
		{966FBC19-C826-407B-9030-BDE2210D7D91}.Release|Any CPU.Build.0 = Release|Any CPU
		{966FBC19-C826-407B-9030-BDE2210D7D91}.Release|ARM.ActiveCfg = Release|Any CPU
		{966FBC19-C826-407B-9030-BDE2210D7D91}.Release|ARM.Build.0 = Release|Any CPU
		{966FBC19-C826-407B-9030-BDE2210D7D91}.Release|iPhone.ActiveCfg = Release|Any CPU
		{966FBC19-C826-407B-9030-BDE2210D7D91}.Release|iPhone.Build.0 = Release|Any CPU
		{966FBC19-C826-407B-9030-BDE2210D7D91}.Release|iPhoneSimulator.ActiveCfg = Release|Any CPU
		{966FBC19-C826-407B-9030-BDE2210D7D91}.Release|iPhoneSimulator.Build.0 = Release|Any CPU
		{966FBC19-C826-407B-9030-BDE2210D7D91}.Release|x64.ActiveCfg = Release|Any CPU
		{966FBC19-C826-407B-9030-BDE2210D7D91}.Release|x64.Build.0 = Release|Any CPU
		{966FBC19-C826-407B-9030-BDE2210D7D91}.Release|x86.ActiveCfg = Release|Any CPU
		{966FBC19-C826-407B-9030-BDE2210D7D91}.Release|x86.Build.0 = Release|Any CPU
		{0E8DC40B-58B0-4F74-B2AD-E3B2C32F9EE5}.Debug|Any CPU.ActiveCfg = Debug|Any CPU
		{0E8DC40B-58B0-4F74-B2AD-E3B2C32F9EE5}.Debug|Any CPU.Build.0 = Debug|Any CPU
		{0E8DC40B-58B0-4F74-B2AD-E3B2C32F9EE5}.Debug|Any CPU.Deploy.0 = Debug|Any CPU
		{0E8DC40B-58B0-4F74-B2AD-E3B2C32F9EE5}.Debug|ARM.ActiveCfg = Debug|Any CPU
		{0E8DC40B-58B0-4F74-B2AD-E3B2C32F9EE5}.Debug|ARM.Build.0 = Debug|Any CPU
		{0E8DC40B-58B0-4F74-B2AD-E3B2C32F9EE5}.Debug|ARM.Deploy.0 = Debug|Any CPU
		{0E8DC40B-58B0-4F74-B2AD-E3B2C32F9EE5}.Debug|iPhone.ActiveCfg = Debug|Any CPU
		{0E8DC40B-58B0-4F74-B2AD-E3B2C32F9EE5}.Debug|iPhone.Build.0 = Debug|Any CPU
		{0E8DC40B-58B0-4F74-B2AD-E3B2C32F9EE5}.Debug|iPhone.Deploy.0 = Debug|Any CPU
		{0E8DC40B-58B0-4F74-B2AD-E3B2C32F9EE5}.Debug|iPhoneSimulator.ActiveCfg = Debug|Any CPU
		{0E8DC40B-58B0-4F74-B2AD-E3B2C32F9EE5}.Debug|iPhoneSimulator.Build.0 = Debug|Any CPU
		{0E8DC40B-58B0-4F74-B2AD-E3B2C32F9EE5}.Debug|iPhoneSimulator.Deploy.0 = Debug|Any CPU
		{0E8DC40B-58B0-4F74-B2AD-E3B2C32F9EE5}.Debug|x64.ActiveCfg = Debug|Any CPU
		{0E8DC40B-58B0-4F74-B2AD-E3B2C32F9EE5}.Debug|x64.Build.0 = Debug|Any CPU
		{0E8DC40B-58B0-4F74-B2AD-E3B2C32F9EE5}.Debug|x64.Deploy.0 = Debug|Any CPU
		{0E8DC40B-58B0-4F74-B2AD-E3B2C32F9EE5}.Debug|x86.ActiveCfg = Debug|Any CPU
		{0E8DC40B-58B0-4F74-B2AD-E3B2C32F9EE5}.Debug|x86.Build.0 = Debug|Any CPU
		{0E8DC40B-58B0-4F74-B2AD-E3B2C32F9EE5}.Debug|x86.Deploy.0 = Debug|Any CPU
		{0E8DC40B-58B0-4F74-B2AD-E3B2C32F9EE5}.Release|Any CPU.ActiveCfg = Release|Any CPU
		{0E8DC40B-58B0-4F74-B2AD-E3B2C32F9EE5}.Release|Any CPU.Build.0 = Release|Any CPU
		{0E8DC40B-58B0-4F74-B2AD-E3B2C32F9EE5}.Release|Any CPU.Deploy.0 = Release|Any CPU
		{0E8DC40B-58B0-4F74-B2AD-E3B2C32F9EE5}.Release|ARM.ActiveCfg = Release|Any CPU
		{0E8DC40B-58B0-4F74-B2AD-E3B2C32F9EE5}.Release|ARM.Build.0 = Release|Any CPU
		{0E8DC40B-58B0-4F74-B2AD-E3B2C32F9EE5}.Release|ARM.Deploy.0 = Release|Any CPU
		{0E8DC40B-58B0-4F74-B2AD-E3B2C32F9EE5}.Release|iPhone.ActiveCfg = Release|Any CPU
		{0E8DC40B-58B0-4F74-B2AD-E3B2C32F9EE5}.Release|iPhone.Build.0 = Release|Any CPU
		{0E8DC40B-58B0-4F74-B2AD-E3B2C32F9EE5}.Release|iPhone.Deploy.0 = Release|Any CPU
		{0E8DC40B-58B0-4F74-B2AD-E3B2C32F9EE5}.Release|iPhoneSimulator.ActiveCfg = Release|Any CPU
		{0E8DC40B-58B0-4F74-B2AD-E3B2C32F9EE5}.Release|iPhoneSimulator.Build.0 = Release|Any CPU
		{0E8DC40B-58B0-4F74-B2AD-E3B2C32F9EE5}.Release|iPhoneSimulator.Deploy.0 = Release|Any CPU
		{0E8DC40B-58B0-4F74-B2AD-E3B2C32F9EE5}.Release|x64.ActiveCfg = Release|Any CPU
		{0E8DC40B-58B0-4F74-B2AD-E3B2C32F9EE5}.Release|x64.Build.0 = Release|Any CPU
		{0E8DC40B-58B0-4F74-B2AD-E3B2C32F9EE5}.Release|x64.Deploy.0 = Release|Any CPU
		{0E8DC40B-58B0-4F74-B2AD-E3B2C32F9EE5}.Release|x86.ActiveCfg = Release|Any CPU
		{0E8DC40B-58B0-4F74-B2AD-E3B2C32F9EE5}.Release|x86.Build.0 = Release|Any CPU
		{0E8DC40B-58B0-4F74-B2AD-E3B2C32F9EE5}.Release|x86.Deploy.0 = Release|Any CPU
		{B97B760D-96F1-446B-8316-2523F449494E}.Debug|Any CPU.ActiveCfg = Debug|iPhoneSimulator
		{B97B760D-96F1-446B-8316-2523F449494E}.Debug|ARM.ActiveCfg = Debug|iPhone
		{B97B760D-96F1-446B-8316-2523F449494E}.Debug|iPhone.ActiveCfg = Debug|iPhone
		{B97B760D-96F1-446B-8316-2523F449494E}.Debug|iPhone.Build.0 = Debug|iPhone
		{B97B760D-96F1-446B-8316-2523F449494E}.Debug|iPhoneSimulator.ActiveCfg = Debug|iPhoneSimulator
		{B97B760D-96F1-446B-8316-2523F449494E}.Debug|iPhoneSimulator.Build.0 = Debug|iPhoneSimulator
		{B97B760D-96F1-446B-8316-2523F449494E}.Debug|x64.ActiveCfg = Debug|iPhone
		{B97B760D-96F1-446B-8316-2523F449494E}.Debug|x86.ActiveCfg = Debug|iPhone
		{B97B760D-96F1-446B-8316-2523F449494E}.Release|Any CPU.ActiveCfg = Release|iPhoneSimulator
		{B97B760D-96F1-446B-8316-2523F449494E}.Release|ARM.ActiveCfg = Release|iPhone
		{B97B760D-96F1-446B-8316-2523F449494E}.Release|iPhone.ActiveCfg = Release|iPhone
		{B97B760D-96F1-446B-8316-2523F449494E}.Release|iPhone.Build.0 = Release|iPhone
		{B97B760D-96F1-446B-8316-2523F449494E}.Release|iPhoneSimulator.ActiveCfg = Release|iPhoneSimulator
		{B97B760D-96F1-446B-8316-2523F449494E}.Release|iPhoneSimulator.Build.0 = Release|iPhoneSimulator
		{B97B760D-96F1-446B-8316-2523F449494E}.Release|x64.ActiveCfg = Release|iPhone
		{B97B760D-96F1-446B-8316-2523F449494E}.Release|x86.ActiveCfg = Release|iPhone
		{845A28AC-B8BB-43A9-B03D-1B94FDA3A7C4}.Debug|Any CPU.ActiveCfg = Debug|x86
		{845A28AC-B8BB-43A9-B03D-1B94FDA3A7C4}.Debug|ARM.ActiveCfg = Debug|ARM
		{845A28AC-B8BB-43A9-B03D-1B94FDA3A7C4}.Debug|ARM.Build.0 = Debug|ARM
		{845A28AC-B8BB-43A9-B03D-1B94FDA3A7C4}.Debug|ARM.Deploy.0 = Debug|ARM
		{845A28AC-B8BB-43A9-B03D-1B94FDA3A7C4}.Debug|iPhone.ActiveCfg = Debug|x86
		{845A28AC-B8BB-43A9-B03D-1B94FDA3A7C4}.Debug|iPhoneSimulator.ActiveCfg = Debug|x86
		{845A28AC-B8BB-43A9-B03D-1B94FDA3A7C4}.Debug|x64.ActiveCfg = Debug|x64
		{845A28AC-B8BB-43A9-B03D-1B94FDA3A7C4}.Debug|x64.Build.0 = Debug|x64
		{845A28AC-B8BB-43A9-B03D-1B94FDA3A7C4}.Debug|x64.Deploy.0 = Debug|x64
		{845A28AC-B8BB-43A9-B03D-1B94FDA3A7C4}.Debug|x86.ActiveCfg = Debug|x86
		{845A28AC-B8BB-43A9-B03D-1B94FDA3A7C4}.Debug|x86.Build.0 = Debug|x86
		{845A28AC-B8BB-43A9-B03D-1B94FDA3A7C4}.Debug|x86.Deploy.0 = Debug|x86
		{845A28AC-B8BB-43A9-B03D-1B94FDA3A7C4}.Release|Any CPU.ActiveCfg = Release|x86
		{845A28AC-B8BB-43A9-B03D-1B94FDA3A7C4}.Release|ARM.ActiveCfg = Release|ARM
		{845A28AC-B8BB-43A9-B03D-1B94FDA3A7C4}.Release|ARM.Build.0 = Release|ARM
		{845A28AC-B8BB-43A9-B03D-1B94FDA3A7C4}.Release|ARM.Deploy.0 = Release|ARM
		{845A28AC-B8BB-43A9-B03D-1B94FDA3A7C4}.Release|iPhone.ActiveCfg = Release|x86
		{845A28AC-B8BB-43A9-B03D-1B94FDA3A7C4}.Release|iPhoneSimulator.ActiveCfg = Release|x86
		{845A28AC-B8BB-43A9-B03D-1B94FDA3A7C4}.Release|x64.ActiveCfg = Release|x64
		{845A28AC-B8BB-43A9-B03D-1B94FDA3A7C4}.Release|x64.Build.0 = Release|x64
		{845A28AC-B8BB-43A9-B03D-1B94FDA3A7C4}.Release|x64.Deploy.0 = Release|x64
		{845A28AC-B8BB-43A9-B03D-1B94FDA3A7C4}.Release|x86.ActiveCfg = Release|x86
		{845A28AC-B8BB-43A9-B03D-1B94FDA3A7C4}.Release|x86.Build.0 = Release|x86
		{845A28AC-B8BB-43A9-B03D-1B94FDA3A7C4}.Release|x86.Deploy.0 = Release|x86
		{FB839E80-6031-4E91-8046-865AFAF75940}.Debug|Any CPU.ActiveCfg = Debug|Any CPU
		{FB839E80-6031-4E91-8046-865AFAF75940}.Debug|Any CPU.Build.0 = Debug|Any CPU
		{FB839E80-6031-4E91-8046-865AFAF75940}.Debug|ARM.ActiveCfg = Debug|Any CPU
		{FB839E80-6031-4E91-8046-865AFAF75940}.Debug|ARM.Build.0 = Debug|Any CPU
		{FB839E80-6031-4E91-8046-865AFAF75940}.Debug|iPhone.ActiveCfg = Debug|Any CPU
		{FB839E80-6031-4E91-8046-865AFAF75940}.Debug|iPhone.Build.0 = Debug|Any CPU
		{FB839E80-6031-4E91-8046-865AFAF75940}.Debug|iPhoneSimulator.ActiveCfg = Debug|Any CPU
		{FB839E80-6031-4E91-8046-865AFAF75940}.Debug|iPhoneSimulator.Build.0 = Debug|Any CPU
		{FB839E80-6031-4E91-8046-865AFAF75940}.Debug|x64.ActiveCfg = Debug|Any CPU
		{FB839E80-6031-4E91-8046-865AFAF75940}.Debug|x64.Build.0 = Debug|Any CPU
		{FB839E80-6031-4E91-8046-865AFAF75940}.Debug|x86.ActiveCfg = Debug|Any CPU
		{FB839E80-6031-4E91-8046-865AFAF75940}.Debug|x86.Build.0 = Debug|Any CPU
		{FB839E80-6031-4E91-8046-865AFAF75940}.Release|Any CPU.ActiveCfg = Release|Any CPU
		{FB839E80-6031-4E91-8046-865AFAF75940}.Release|Any CPU.Build.0 = Release|Any CPU
		{FB839E80-6031-4E91-8046-865AFAF75940}.Release|ARM.ActiveCfg = Release|Any CPU
		{FB839E80-6031-4E91-8046-865AFAF75940}.Release|ARM.Build.0 = Release|Any CPU
		{FB839E80-6031-4E91-8046-865AFAF75940}.Release|iPhone.ActiveCfg = Release|Any CPU
		{FB839E80-6031-4E91-8046-865AFAF75940}.Release|iPhone.Build.0 = Release|Any CPU
		{FB839E80-6031-4E91-8046-865AFAF75940}.Release|iPhoneSimulator.ActiveCfg = Release|Any CPU
		{FB839E80-6031-4E91-8046-865AFAF75940}.Release|iPhoneSimulator.Build.0 = Release|Any CPU
		{FB839E80-6031-4E91-8046-865AFAF75940}.Release|x64.ActiveCfg = Release|Any CPU
		{FB839E80-6031-4E91-8046-865AFAF75940}.Release|x64.Build.0 = Release|Any CPU
		{FB839E80-6031-4E91-8046-865AFAF75940}.Release|x86.ActiveCfg = Release|Any CPU
		{FB839E80-6031-4E91-8046-865AFAF75940}.Release|x86.Build.0 = Release|Any CPU
	EndGlobalSection
	GlobalSection(SolutionProperties) = preSolution
		HideSolutionNode = FALSE
	EndGlobalSection
	GlobalSection(ExtensibilityGlobals) = postSolution
		SolutionGuid = {985BABD9-3BCC-4FAD-8EB5-63A6EF81E22C}
	EndGlobalSection
EndGlobal
